
Microsoft Visual Studio Solution File, Format Version 12.00
# Visual Studio Version 17
VisualStudioVersion = 17.4.33403.182
MinimumVisualStudioVersion = 10.0.40219.1
Project("{8BC9CEB8-8B4A-11D0-8D11-00A0C91BC942}") = "PARALEL_RGR", "PARALEL_RGR\PARALEL_RGR.vcxproj", "{31037A29-0C0D-4304-BDC1-0B8ECDD52EA3}"
EndProject
Global
	GlobalSection(SolutionConfigurationPlatforms) = preSolution
		Debug|x64 = Debug|x64
		Debug|x86 = Debug|x86
		Release|x64 = Release|x64
		Release|x86 = Release|x86
	EndGlobalSection
	GlobalSection(ProjectConfigurationPlatforms) = postSolution
		{31037A29-0C0D-4304-BDC1-0B8ECDD52EA3}.Debug|x64.ActiveCfg = Debug|x64
		{31037A29-0C0D-4304-BDC1-0B8ECDD52EA3}.Debug|x64.Build.0 = Debug|x64
		{31037A29-0C0D-4304-BDC1-0B8ECDD52EA3}.Debug|x86.ActiveCfg = Debug|Win32
		{31037A29-0C0D-4304-BDC1-0B8ECDD52EA3}.Debug|x86.Build.0 = Debug|Win32
		{31037A29-0C0D-4304-BDC1-0B8ECDD52EA3}.Release|x64.ActiveCfg = Release|x64
		{31037A29-0C0D-4304-BDC1-0B8ECDD52EA3}.Release|x64.Build.0 = Release|x64
		{31037A29-0C0D-4304-BDC1-0B8ECDD52EA3}.Release|x86.ActiveCfg = Release|Win32
		{31037A29-0C0D-4304-BDC1-0B8ECDD52EA3}.Release|x86.Build.0 = Release|Win32
	EndGlobalSection
	GlobalSection(SolutionProperties) = preSolution
		HideSolutionNode = FALSE
	EndGlobalSection
	GlobalSection(ExtensibilityGlobals) = postSolution
		SolutionGuid = {A9A45BEC-865E-4488-9F2C-4D2A173FFE7D}
	EndGlobalSection
EndGlobal
